
Microsoft Visual Studio Solution File, Format Version 12.00
# Visual Studio Version 17
VisualStudioVersion = 17.12.35514.174 d17.12
MinimumVisualStudioVersion = 10.0.40219.1
Project("{FAE04EC0-301F-11D3-BF4B-00C04F79EFBC}") = "Facturas.Server", "Facturas.Server\Facturas.Server.csproj", "{4F31EC2E-2B87-42A3-87B0-3D238CD50C6C}"
EndProject
Project("{54A90642-561A-4BB1-A94E-469ADEE60C69}") = "facturas.client", "facturas.client\facturas.client.esproj", "{1A1CB00A-9A86-4AF4-81AB-14E416C1200C}"
EndProject
Global
	GlobalSection(SolutionConfigurationPlatforms) = preSolution
		Debug|Any CPU = Debug|Any CPU
		Release|Any CPU = Release|Any CPU
	EndGlobalSection
	GlobalSection(ProjectConfigurationPlatforms) = postSolution
		{4F31EC2E-2B87-42A3-87B0-3D238CD50C6C}.Debug|Any CPU.ActiveCfg = Debug|Any CPU
		{4F31EC2E-2B87-42A3-87B0-3D238CD50C6C}.Debug|Any CPU.Build.0 = Debug|Any CPU
		{4F31EC2E-2B87-42A3-87B0-3D238CD50C6C}.Release|Any CPU.ActiveCfg = Release|Any CPU
		{4F31EC2E-2B87-42A3-87B0-3D238CD50C6C}.Release|Any CPU.Build.0 = Release|Any CPU
		{1A1CB00A-9A86-4AF4-81AB-14E416C1200C}.Debug|Any CPU.ActiveCfg = Debug|Any CPU
		{1A1CB00A-9A86-4AF4-81AB-14E416C1200C}.Debug|Any CPU.Build.0 = Debug|Any CPU
		{1A1CB00A-9A86-4AF4-81AB-14E416C1200C}.Debug|Any CPU.Deploy.0 = Debug|Any CPU
		{1A1CB00A-9A86-4AF4-81AB-14E416C1200C}.Release|Any CPU.ActiveCfg = Release|Any CPU
		{1A1CB00A-9A86-4AF4-81AB-14E416C1200C}.Release|Any CPU.Build.0 = Release|Any CPU
		{1A1CB00A-9A86-4AF4-81AB-14E416C1200C}.Release|Any CPU.Deploy.0 = Release|Any CPU
	EndGlobalSection
	GlobalSection(SolutionProperties) = preSolution
		HideSolutionNode = FALSE
	EndGlobalSection
EndGlobal
